// !$*UTF8*$!
{
	archiveVersion = 1;
	classes = {
	};
	objectVersion = 56;
	objects = {

/* Begin PBXBuildFile section */
		399A38F52B722FC300D93684 /* PokeListApp.swift in Sources */ = {isa = PBXBuildFile; fileRef = 399A38F42B722FC300D93684 /* PokeListApp.swift */; };
		399A38F72B722FC300D93684 /* ContentView.swift in Sources */ = {isa = PBXBuildFile; fileRef = 399A38F62B722FC300D93684 /* ContentView.swift */; };
		399A38F92B722FC400D93684 /* Assets.xcassets in Resources */ = {isa = PBXBuildFile; fileRef = 399A38F82B722FC400D93684 /* Assets.xcassets */; };
		399A38FD2B722FC400D93684 /* Preview Assets.xcassets in Resources */ = {isa = PBXBuildFile; fileRef = 399A38FC2B722FC400D93684 /* Preview Assets.xcassets */; };
		399A39072B722FC400D93684 /* PokeListTests.swift in Sources */ = {isa = PBXBuildFile; fileRef = 399A39062B722FC400D93684 /* PokeListTests.swift */; };
		399A39112B722FC400D93684 /* PokeListUITests.swift in Sources */ = {isa = PBXBuildFile; fileRef = 399A39102B722FC400D93684 /* PokeListUITests.swift */; };
		399A39132B722FC400D93684 /* PokeListUITestsLaunchTests.swift in Sources */ = {isa = PBXBuildFile; fileRef = 399A39122B722FC400D93684 /* PokeListUITestsLaunchTests.swift */; };
		399A39212B72309C00D93684 /* PokeListView.swift in Sources */ = {isa = PBXBuildFile; fileRef = 399A39202B72309C00D93684 /* PokeListView.swift */; };
		399A39232B7230BB00D93684 /* PokeFavView.swift in Sources */ = {isa = PBXBuildFile; fileRef = 399A39222B7230BB00D93684 /* PokeFavView.swift */; };
		399A39262B7237AA00D93684 /* PokeNetworkProtocol.swift in Sources */ = {isa = PBXBuildFile; fileRef = 399A39252B7237AA00D93684 /* PokeNetworkProtocol.swift */; };
		399A39292B72393500D93684 /* Pokemon.swift in Sources */ = {isa = PBXBuildFile; fileRef = 399A39282B72393500D93684 /* Pokemon.swift */; };
		399A392B2B723AA300D93684 /* PokeNetwork.swift in Sources */ = {isa = PBXBuildFile; fileRef = 399A392A2B723AA300D93684 /* PokeNetwork.swift */; };
		399A392E2B7247B800D93684 /* PokeViewModel.swift in Sources */ = {isa = PBXBuildFile; fileRef = 399A392D2B7247B800D93684 /* PokeViewModel.swift */; };
		399A39312B724A2400D93684 /* PokeRow.swift in Sources */ = {isa = PBXBuildFile; fileRef = 399A39302B724A2400D93684 /* PokeRow.swift */; };
		399A39332B72739400D93684 /* PokeInfoView.swift in Sources */ = {isa = PBXBuildFile; fileRef = 399A39322B72739400D93684 /* PokeInfoView.swift */; };
		399A39362B72A11D00D93684 /* TestNetworkResponse.swift in Sources */ = {isa = PBXBuildFile; fileRef = 399A39352B72A11D00D93684 /* TestNetworkResponse.swift */; };
		399A39392B72A17A00D93684 /* PokeMockNetwork.swift in Sources */ = {isa = PBXBuildFile; fileRef = 399A39382B72A17A00D93684 /* PokeMockNetwork.swift */; };
/* End PBXBuildFile section */

/* Begin PBXContainerItemProxy section */
		399A39032B722FC400D93684 /* PBXContainerItemProxy */ = {
			isa = PBXContainerItemProxy;
			containerPortal = 399A38E92B722FC300D93684 /* Project object */;
			proxyType = 1;
			remoteGlobalIDString = 399A38F02B722FC300D93684;
			remoteInfo = PokeList;
		};
		399A390D2B722FC400D93684 /* PBXContainerItemProxy */ = {
			isa = PBXContainerItemProxy;
			containerPortal = 399A38E92B722FC300D93684 /* Project object */;
			proxyType = 1;
			remoteGlobalIDString = 399A38F02B722FC300D93684;
			remoteInfo = PokeList;
		};
/* End PBXContainerItemProxy section */

/* Begin PBXFileReference section */
		399A38F12B722FC300D93684 /* PokeList.app */ = {isa = PBXFileReference; explicitFileType = wrapper.application; includeInIndex = 0; path = PokeList.app; sourceTree = BUILT_PRODUCTS_DIR; };
		399A38F42B722FC300D93684 /* PokeListApp.swift */ = {isa = PBXFileReference; lastKnownFileType = sourcecode.swift; path = PokeListApp.swift; sourceTree = "<group>"; };
		399A38F62B722FC300D93684 /* ContentView.swift */ = {isa = PBXFileReference; lastKnownFileType = sourcecode.swift; path = ContentView.swift; sourceTree = "<group>"; };
		399A38F82B722FC400D93684 /* Assets.xcassets */ = {isa = PBXFileReference; lastKnownFileType = folder.assetcatalog; path = Assets.xcassets; sourceTree = "<group>"; };
		399A38FA2B722FC400D93684 /* PokeList.entitlements */ = {isa = PBXFileReference; lastKnownFileType = text.plist.entitlements; path = PokeList.entitlements; sourceTree = "<group>"; };
		399A38FC2B722FC400D93684 /* Preview Assets.xcassets */ = {isa = PBXFileReference; lastKnownFileType = folder.assetcatalog; path = "Preview Assets.xcassets"; sourceTree = "<group>"; };
		399A39022B722FC400D93684 /* PokeListTests.xctest */ = {isa = PBXFileReference; explicitFileType = wrapper.cfbundle; includeInIndex = 0; path = PokeListTests.xctest; sourceTree = BUILT_PRODUCTS_DIR; };
		399A39062B722FC400D93684 /* PokeListTests.swift */ = {isa = PBXFileReference; lastKnownFileType = sourcecode.swift; path = PokeListTests.swift; sourceTree = "<group>"; };
		399A390C2B722FC400D93684 /* PokeListUITests.xctest */ = {isa = PBXFileReference; explicitFileType = wrapper.cfbundle; includeInIndex = 0; path = PokeListUITests.xctest; sourceTree = BUILT_PRODUCTS_DIR; };
		399A39102B722FC400D93684 /* PokeListUITests.swift */ = {isa = PBXFileReference; lastKnownFileType = sourcecode.swift; path = PokeListUITests.swift; sourceTree = "<group>"; };
		399A39122B722FC400D93684 /* PokeListUITestsLaunchTests.swift */ = {isa = PBXFileReference; lastKnownFileType = sourcecode.swift; path = PokeListUITestsLaunchTests.swift; sourceTree = "<group>"; };
		399A39202B72309C00D93684 /* PokeListView.swift */ = {isa = PBXFileReference; lastKnownFileType = sourcecode.swift; path = PokeListView.swift; sourceTree = "<group>"; };
		399A39222B7230BB00D93684 /* PokeFavView.swift */ = {isa = PBXFileReference; lastKnownFileType = sourcecode.swift; path = PokeFavView.swift; sourceTree = "<group>"; };
		399A39252B7237AA00D93684 /* PokeNetworkProtocol.swift */ = {isa = PBXFileReference; lastKnownFileType = sourcecode.swift; path = PokeNetworkProtocol.swift; sourceTree = "<group>"; };
		399A39282B72393500D93684 /* Pokemon.swift */ = {isa = PBXFileReference; lastKnownFileType = sourcecode.swift; path = Pokemon.swift; sourceTree = "<group>"; };
		399A392A2B723AA300D93684 /* PokeNetwork.swift */ = {isa = PBXFileReference; lastKnownFileType = sourcecode.swift; path = PokeNetwork.swift; sourceTree = "<group>"; };
		399A392D2B7247B800D93684 /* PokeViewModel.swift */ = {isa = PBXFileReference; lastKnownFileType = sourcecode.swift; path = PokeViewModel.swift; sourceTree = "<group>"; };
		399A39302B724A2400D93684 /* PokeRow.swift */ = {isa = PBXFileReference; lastKnownFileType = sourcecode.swift; path = PokeRow.swift; sourceTree = "<group>"; };
		399A39322B72739400D93684 /* PokeInfoView.swift */ = {isa = PBXFileReference; lastKnownFileType = sourcecode.swift; path = PokeInfoView.swift; sourceTree = "<group>"; };
		399A39352B72A11D00D93684 /* TestNetworkResponse.swift */ = {isa = PBXFileReference; lastKnownFileType = sourcecode.swift; path = TestNetworkResponse.swift; sourceTree = "<group>"; };
		399A39382B72A17A00D93684 /* PokeMockNetwork.swift */ = {isa = PBXFileReference; lastKnownFileType = sourcecode.swift; path = PokeMockNetwork.swift; sourceTree = "<group>"; };
/* End PBXFileReference section */

/* Begin PBXFrameworksBuildPhase section */
		399A38EE2B722FC300D93684 /* Frameworks */ = {
			isa = PBXFrameworksBuildPhase;
			buildActionMask = 2147483647;
			files = (
			);
			runOnlyForDeploymentPostprocessing = 0;
		};
		399A38FF2B722FC400D93684 /* Frameworks */ = {
			isa = PBXFrameworksBuildPhase;
			buildActionMask = 2147483647;
			files = (
			);
			runOnlyForDeploymentPostprocessing = 0;
		};
		399A39092B722FC400D93684 /* Frameworks */ = {
			isa = PBXFrameworksBuildPhase;
			buildActionMask = 2147483647;
			files = (
			);
			runOnlyForDeploymentPostprocessing = 0;
		};
/* End PBXFrameworksBuildPhase section */

/* Begin PBXGroup section */
		399A38E82B722FC300D93684 = {
			isa = PBXGroup;
			children = (
				399A38F32B722FC300D93684 /* PokeList */,
				399A39052B722FC400D93684 /* PokeListTests */,
				399A390F2B722FC400D93684 /* PokeListUITests */,
				399A38F22B722FC300D93684 /* Products */,
			);
			sourceTree = "<group>";
		};
		399A38F22B722FC300D93684 /* Products */ = {
			isa = PBXGroup;
			children = (
				399A38F12B722FC300D93684 /* PokeList.app */,
				399A39022B722FC400D93684 /* PokeListTests.xctest */,
				399A390C2B722FC400D93684 /* PokeListUITests.xctest */,
			);
			name = Products;
			sourceTree = "<group>";
		};
		399A38F32B722FC300D93684 /* PokeList */ = {
			isa = PBXGroup;
			children = (
				399A39272B72392200D93684 /* Model */,
				399A39242B72378000D93684 /* Network */,
				399A392C2B72479D00D93684 /* ViewModel */,
				399A391F2B72308800D93684 /* Views */,
				399A38F42B722FC300D93684 /* PokeListApp.swift */,
				399A38F82B722FC400D93684 /* Assets.xcassets */,
				399A38FA2B722FC400D93684 /* PokeList.entitlements */,
				399A38FB2B722FC400D93684 /* Preview Content */,
			);
			path = PokeList;
			sourceTree = "<group>";
		};
		399A38FB2B722FC400D93684 /* Preview Content */ = {
			isa = PBXGroup;
			children = (
				399A38FC2B722FC400D93684 /* Preview Assets.xcassets */,
			);
			path = "Preview Content";
			sourceTree = "<group>";
		};
		399A39052B722FC400D93684 /* PokeListTests */ = {
			isa = PBXGroup;
			children = (
				399A39372B72A14D00D93684 /* Network */,
				399A39342B72A10800D93684 /* Models */,
				399A39062B722FC400D93684 /* PokeListTests.swift */,
			);
			path = PokeListTests;
			sourceTree = "<group>";
		};
		399A390F2B722FC400D93684 /* PokeListUITests */ = {
			isa = PBXGroup;
			children = (
				399A39102B722FC400D93684 /* PokeListUITests.swift */,
				399A39122B722FC400D93684 /* PokeListUITestsLaunchTests.swift */,
			);
			path = PokeListUITests;
			sourceTree = "<group>";
		};
		399A391F2B72308800D93684 /* Views */ = {
			isa = PBXGroup;
			children = (
				399A392F2B724A1500D93684 /* Components */,
				399A38F62B722FC300D93684 /* ContentView.swift */,
				399A39202B72309C00D93684 /* PokeListView.swift */,
				399A39222B7230BB00D93684 /* PokeFavView.swift */,
			);
			path = Views;
			sourceTree = "<group>";
		};
		399A39242B72378000D93684 /* Network */ = {
			isa = PBXGroup;
			children = (
				399A39252B7237AA00D93684 /* PokeNetworkProtocol.swift */,
				399A392A2B723AA300D93684 /* PokeNetwork.swift */,
			);
			path = Network;
			sourceTree = "<group>";
		};
		399A39272B72392200D93684 /* Model */ = {
			isa = PBXGroup;
			children = (
				399A39282B72393500D93684 /* Pokemon.swift */,
			);
			path = Model;
			sourceTree = "<group>";
		};
		399A392C2B72479D00D93684 /* ViewModel */ = {
			isa = PBXGroup;
			children = (
				399A392D2B7247B800D93684 /* PokeViewModel.swift */,
			);
			path = ViewModel;
			sourceTree = "<group>";
		};
		399A392F2B724A1500D93684 /* Components */ = {
			isa = PBXGroup;
			children = (
				399A39302B724A2400D93684 /* PokeRow.swift */,
				399A39322B72739400D93684 /* PokeInfoView.swift */,
			);
			path = Components;
			sourceTree = "<group>";
		};
		399A39342B72A10800D93684 /* Models */ = {
			isa = PBXGroup;
			children = (
				399A39352B72A11D00D93684 /* TestNetworkResponse.swift */,
			);
			path = Models;
			sourceTree = "<group>";
		};
		399A39372B72A14D00D93684 /* Network */ = {
			isa = PBXGroup;
			children = (
				399A39382B72A17A00D93684 /* PokeMockNetwork.swift */,
			);
			path = Network;
			sourceTree = "<group>";
		};
/* End PBXGroup section */

/* Begin PBXNativeTarget section */
		399A38F02B722FC300D93684 /* PokeList */ = {
			isa = PBXNativeTarget;
			buildConfigurationList = 399A39162B722FC400D93684 /* Build configuration list for PBXNativeTarget "PokeList" */;
			buildPhases = (
				399A38ED2B722FC300D93684 /* Sources */,
				399A38EE2B722FC300D93684 /* Frameworks */,
				399A38EF2B722FC300D93684 /* Resources */,
			);
			buildRules = (
			);
			dependencies = (
			);
			name = PokeList;
			productName = PokeList;
			productReference = 399A38F12B722FC300D93684 /* PokeList.app */;
			productType = "com.apple.product-type.application";
		};
		399A39012B722FC400D93684 /* PokeListTests */ = {
			isa = PBXNativeTarget;
			buildConfigurationList = 399A39192B722FC400D93684 /* Build configuration list for PBXNativeTarget "PokeListTests" */;
			buildPhases = (
				399A38FE2B722FC400D93684 /* Sources */,
				399A38FF2B722FC400D93684 /* Frameworks */,
				399A39002B722FC400D93684 /* Resources */,
			);
			buildRules = (
			);
			dependencies = (
				399A39042B722FC400D93684 /* PBXTargetDependency */,
			);
			name = PokeListTests;
			productName = PokeListTests;
			productReference = 399A39022B722FC400D93684 /* PokeListTests.xctest */;
			productType = "com.apple.product-type.bundle.unit-test";
		};
		399A390B2B722FC400D93684 /* PokeListUITests */ = {
			isa = PBXNativeTarget;
			buildConfigurationList = 399A391C2B722FC400D93684 /* Build configuration list for PBXNativeTarget "PokeListUITests" */;
			buildPhases = (
				399A39082B722FC400D93684 /* Sources */,
				399A39092B722FC400D93684 /* Frameworks */,
				399A390A2B722FC400D93684 /* Resources */,
			);
			buildRules = (
			);
			dependencies = (
				399A390E2B722FC400D93684 /* PBXTargetDependency */,
			);
			name = PokeListUITests;
			productName = PokeListUITests;
			productReference = 399A390C2B722FC400D93684 /* PokeListUITests.xctest */;
			productType = "com.apple.product-type.bundle.ui-testing";
		};
/* End PBXNativeTarget section */

/* Begin PBXProject section */
		399A38E92B722FC300D93684 /* Project object */ = {
			isa = PBXProject;
			attributes = {
				BuildIndependentTargetsInParallel = 1;
				LastSwiftUpdateCheck = 1520;
				LastUpgradeCheck = 1520;
				TargetAttributes = {
					399A38F02B722FC300D93684 = {
						CreatedOnToolsVersion = 15.2;
					};
					399A39012B722FC400D93684 = {
						CreatedOnToolsVersion = 15.2;
						TestTargetID = 399A38F02B722FC300D93684;
					};
					399A390B2B722FC400D93684 = {
						CreatedOnToolsVersion = 15.2;
						TestTargetID = 399A38F02B722FC300D93684;
					};
				};
			};
			buildConfigurationList = 399A38EC2B722FC300D93684 /* Build configuration list for PBXProject "PokeList" */;
			compatibilityVersion = "Xcode 14.0";
			developmentRegion = en;
			hasScannedForEncodings = 0;
			knownRegions = (
				en,
				Base,
			);
			mainGroup = 399A38E82B722FC300D93684;
			productRefGroup = 399A38F22B722FC300D93684 /* Products */;
			projectDirPath = "";
			projectRoot = "";
			targets = (
				399A38F02B722FC300D93684 /* PokeList */,
				399A39012B722FC400D93684 /* PokeListTests */,
				399A390B2B722FC400D93684 /* PokeListUITests */,
			);
		};
/* End PBXProject section */

/* Begin PBXResourcesBuildPhase section */
		399A38EF2B722FC300D93684 /* Resources */ = {
			isa = PBXResourcesBuildPhase;
			buildActionMask = 2147483647;
			files = (
				399A38FD2B722FC400D93684 /* Preview Assets.xcassets in Resources */,
				399A38F92B722FC400D93684 /* Assets.xcassets in Resources */,
			);
			runOnlyForDeploymentPostprocessing = 0;
		};
		399A39002B722FC400D93684 /* Resources */ = {
			isa = PBXResourcesBuildPhase;
			buildActionMask = 2147483647;
			files = (
			);
			runOnlyForDeploymentPostprocessing = 0;
		};
		399A390A2B722FC400D93684 /* Resources */ = {
			isa = PBXResourcesBuildPhase;
			buildActionMask = 2147483647;
			files = (
			);
			runOnlyForDeploymentPostprocessing = 0;
		};
/* End PBXResourcesBuildPhase section */

/* Begin PBXSourcesBuildPhase section */
		399A38ED2B722FC300D93684 /* Sources */ = {
			isa = PBXSourcesBuildPhase;
			buildActionMask = 2147483647;
			files = (
				399A39212B72309C00D93684 /* PokeListView.swift in Sources */,
				399A392E2B7247B800D93684 /* PokeViewModel.swift in Sources */,
				399A38F72B722FC300D93684 /* ContentView.swift in Sources */,
				399A39332B72739400D93684 /* PokeInfoView.swift in Sources */,
				399A39312B724A2400D93684 /* PokeRow.swift in Sources */,
				399A39262B7237AA00D93684 /* PokeNetworkProtocol.swift in Sources */,
				399A392B2B723AA300D93684 /* PokeNetwork.swift in Sources */,
				399A38F52B722FC300D93684 /* PokeListApp.swift in Sources */,
				399A39232B7230BB00D93684 /* PokeFavView.swift in Sources */,
				399A39292B72393500D93684 /* Pokemon.swift in Sources */,
			);
			runOnlyForDeploymentPostprocessing = 0;
		};
		399A38FE2B722FC400D93684 /* Sources */ = {
			isa = PBXSourcesBuildPhase;
			buildActionMask = 2147483647;
			files = (
				399A39072B722FC400D93684 /* PokeListTests.swift in Sources */,
				399A39362B72A11D00D93684 /* TestNetworkResponse.swift in Sources */,
				399A39392B72A17A00D93684 /* PokeMockNetwork.swift in Sources */,
			);
			runOnlyForDeploymentPostprocessing = 0;
		};
		399A39082B722FC400D93684 /* Sources */ = {
			isa = PBXSourcesBuildPhase;
			buildActionMask = 2147483647;
			files = (
				399A39132B722FC400D93684 /* PokeListUITestsLaunchTests.swift in Sources */,
				399A39112B722FC400D93684 /* PokeListUITests.swift in Sources */,
			);
			runOnlyForDeploymentPostprocessing = 0;
		};
/* End PBXSourcesBuildPhase section */

/* Begin PBXTargetDependency section */
		399A39042B722FC400D93684 /* PBXTargetDependency */ = {
			isa = PBXTargetDependency;
			target = 399A38F02B722FC300D93684 /* PokeList */;
			targetProxy = 399A39032B722FC400D93684 /* PBXContainerItemProxy */;
		};
		399A390E2B722FC400D93684 /* PBXTargetDependency */ = {
			isa = PBXTargetDependency;
			target = 399A38F02B722FC300D93684 /* PokeList */;
			targetProxy = 399A390D2B722FC400D93684 /* PBXContainerItemProxy */;
		};
/* End PBXTargetDependency section */

/* Begin XCBuildConfiguration section */
		399A39142B722FC400D93684 /* Debug */ = {
			isa = XCBuildConfiguration;
			buildSettings = {
				ALWAYS_SEARCH_USER_PATHS = NO;
				ASSETCATALOG_COMPILER_GENERATE_SWIFT_ASSET_SYMBOL_EXTENSIONS = YES;
				CLANG_ANALYZER_NONNULL = YES;
				CLANG_ANALYZER_NUMBER_OBJECT_CONVERSION = YES_AGGRESSIVE;
				CLANG_CXX_LANGUAGE_STANDARD = "gnu++20";
				CLANG_ENABLE_MODULES = YES;
				CLANG_ENABLE_OBJC_ARC = YES;
				CLANG_ENABLE_OBJC_WEAK = YES;
				CLANG_WARN_BLOCK_CAPTURE_AUTORELEASING = YES;
				CLANG_WARN_BOOL_CONVERSION = YES;
				CLANG_WARN_COMMA = YES;
				CLANG_WARN_CONSTANT_CONVERSION = YES;
				CLANG_WARN_DEPRECATED_OBJC_IMPLEMENTATIONS = YES;
				CLANG_WARN_DIRECT_OBJC_ISA_USAGE = YES_ERROR;
				CLANG_WARN_DOCUMENTATION_COMMENTS = YES;
				CLANG_WARN_EMPTY_BODY = YES;
				CLANG_WARN_ENUM_CONVERSION = YES;
				CLANG_WARN_INFINITE_RECURSION = YES;
				CLANG_WARN_INT_CONVERSION = YES;
				CLANG_WARN_NON_LITERAL_NULL_CONVERSION = YES;
				CLANG_WARN_OBJC_IMPLICIT_RETAIN_SELF = YES;
				CLANG_WARN_OBJC_LITERAL_CONVERSION = YES;
				CLANG_WARN_OBJC_ROOT_CLASS = YES_ERROR;
				CLANG_WARN_QUOTED_INCLUDE_IN_FRAMEWORK_HEADER = YES;
				CLANG_WARN_RANGE_LOOP_ANALYSIS = YES;
				CLANG_WARN_STRICT_PROTOTYPES = YES;
				CLANG_WARN_SUSPICIOUS_MOVE = YES;
				CLANG_WARN_UNGUARDED_AVAILABILITY = YES_AGGRESSIVE;
				CLANG_WARN_UNREACHABLE_CODE = YES;
				CLANG_WARN__DUPLICATE_METHOD_MATCH = YES;
				COPY_PHASE_STRIP = NO;
				DEBUG_INFORMATION_FORMAT = dwarf;
				ENABLE_STRICT_OBJC_MSGSEND = YES;
				ENABLE_TESTABILITY = YES;
				ENABLE_USER_SCRIPT_SANDBOXING = YES;
				GCC_C_LANGUAGE_STANDARD = gnu17;
				GCC_DYNAMIC_NO_PIC = NO;
				GCC_NO_COMMON_BLOCKS = YES;
				GCC_OPTIMIZATION_LEVEL = 0;
				GCC_PREPROCESSOR_DEFINITIONS = (
					"DEBUG=1",
					"$(inherited)",
				);
				GCC_WARN_64_TO_32_BIT_CONVERSION = YES;
				GCC_WARN_ABOUT_RETURN_TYPE = YES_ERROR;
				GCC_WARN_UNDECLARED_SELECTOR = YES;
				GCC_WARN_UNINITIALIZED_AUTOS = YES_AGGRESSIVE;
				GCC_WARN_UNUSED_FUNCTION = YES;
				GCC_WARN_UNUSED_VARIABLE = YES;
				LOCALIZATION_PREFERS_STRING_CATALOGS = YES;
				MTL_ENABLE_DEBUG_INFO = INCLUDE_SOURCE;
				MTL_FAST_MATH = YES;
				ONLY_ACTIVE_ARCH = YES;
				SWIFT_ACTIVE_COMPILATION_CONDITIONS = "DEBUG $(inherited)";
				SWIFT_OPTIMIZATION_LEVEL = "-Onone";
			};
			name = Debug;
		};
		399A39152B722FC400D93684 /* Release */ = {
			isa = XCBuildConfiguration;
			buildSettings = {
				ALWAYS_SEARCH_USER_PATHS = NO;
				ASSETCATALOG_COMPILER_GENERATE_SWIFT_ASSET_SYMBOL_EXTENSIONS = YES;
				CLANG_ANALYZER_NONNULL = YES;
				CLANG_ANALYZER_NUMBER_OBJECT_CONVERSION = YES_AGGRESSIVE;
				CLANG_CXX_LANGUAGE_STANDARD = "gnu++20";
				CLANG_ENABLE_MODULES = YES;
				CLANG_ENABLE_OBJC_ARC = YES;
				CLANG_ENABLE_OBJC_WEAK = YES;
				CLANG_WARN_BLOCK_CAPTURE_AUTORELEASING = YES;
				CLANG_WARN_BOOL_CONVERSION = YES;
				CLANG_WARN_COMMA = YES;
				CLANG_WARN_CONSTANT_CONVERSION = YES;
				CLANG_WARN_DEPRECATED_OBJC_IMPLEMENTATIONS = YES;
				CLANG_WARN_DIRECT_OBJC_ISA_USAGE = YES_ERROR;
				CLANG_WARN_DOCUMENTATION_COMMENTS = YES;
				CLANG_WARN_EMPTY_BODY = YES;
				CLANG_WARN_ENUM_CONVERSION = YES;
				CLANG_WARN_INFINITE_RECURSION = YES;
				CLANG_WARN_INT_CONVERSION = YES;
				CLANG_WARN_NON_LITERAL_NULL_CONVERSION = YES;
				CLANG_WARN_OBJC_IMPLICIT_RETAIN_SELF = YES;
				CLANG_WARN_OBJC_LITERAL_CONVERSION = YES;
				CLANG_WARN_OBJC_ROOT_CLASS = YES_ERROR;
				CLANG_WARN_QUOTED_INCLUDE_IN_FRAMEWORK_HEADER = YES;
				CLANG_WARN_RANGE_LOOP_ANALYSIS = YES;
				CLANG_WARN_STRICT_PROTOTYPES = YES;
				CLANG_WARN_SUSPICIOUS_MOVE = YES;
				CLANG_WARN_UNGUARDED_AVAILABILITY = YES_AGGRESSIVE;
				CLANG_WARN_UNREACHABLE_CODE = YES;
				CLANG_WARN__DUPLICATE_METHOD_MATCH = YES;
				COPY_PHASE_STRIP = NO;
				DEBUG_INFORMATION_FORMAT = "dwarf-with-dsym";
				ENABLE_NS_ASSERTIONS = NO;
				ENABLE_STRICT_OBJC_MSGSEND = YES;
				ENABLE_USER_SCRIPT_SANDBOXING = YES;
				GCC_C_LANGUAGE_STANDARD = gnu17;
				GCC_NO_COMMON_BLOCKS = YES;
				GCC_WARN_64_TO_32_BIT_CONVERSION = YES;
				GCC_WARN_ABOUT_RETURN_TYPE = YES_ERROR;
				GCC_WARN_UNDECLARED_SELECTOR = YES;
				GCC_WARN_UNINITIALIZED_AUTOS = YES_AGGRESSIVE;
				GCC_WARN_UNUSED_FUNCTION = YES;
				GCC_WARN_UNUSED_VARIABLE = YES;
				LOCALIZATION_PREFERS_STRING_CATALOGS = YES;
				MTL_ENABLE_DEBUG_INFO = NO;
				MTL_FAST_MATH = YES;
				SWIFT_COMPILATION_MODE = wholemodule;
			};
			name = Release;
		};
		399A39172B722FC400D93684 /* Debug */ = {
			isa = XCBuildConfiguration;
			buildSettings = {
				ASSETCATALOG_COMPILER_APPICON_NAME = AppIcon;
				ASSETCATALOG_COMPILER_GLOBAL_ACCENT_COLOR_NAME = AccentColor;
				CODE_SIGN_ENTITLEMENTS = PokeList/PokeList.entitlements;
				CODE_SIGN_STYLE = Automatic;
				CURRENT_PROJECT_VERSION = 1;
				DEVELOPMENT_ASSET_PATHS = "\"PokeList/Preview Content\"";
				DEVELOPMENT_TEAM = AZRCQMBTMA;
				ENABLE_HARDENED_RUNTIME = YES;
				ENABLE_PREVIEWS = YES;
				GENERATE_INFOPLIST_FILE = YES;
				"INFOPLIST_KEY_UIApplicationSceneManifest_Generation[sdk=iphoneos*]" = YES;
				"INFOPLIST_KEY_UIApplicationSceneManifest_Generation[sdk=iphonesimulator*]" = YES;
				"INFOPLIST_KEY_UIApplicationSupportsIndirectInputEvents[sdk=iphoneos*]" = YES;
				"INFOPLIST_KEY_UIApplicationSupportsIndirectInputEvents[sdk=iphonesimulator*]" = YES;
				"INFOPLIST_KEY_UILaunchScreen_Generation[sdk=iphoneos*]" = YES;
				"INFOPLIST_KEY_UILaunchScreen_Generation[sdk=iphonesimulator*]" = YES;
				"INFOPLIST_KEY_UIStatusBarStyle[sdk=iphoneos*]" = UIStatusBarStyleDefault;
				"INFOPLIST_KEY_UIStatusBarStyle[sdk=iphonesimulator*]" = UIStatusBarStyleDefault;
				INFOPLIST_KEY_UISupportedInterfaceOrientations = UIInterfaceOrientationPortrait;
				IPHONEOS_DEPLOYMENT_TARGET = 17.2;
				LD_RUNPATH_SEARCH_PATHS = "@executable_path/Frameworks";
				"LD_RUNPATH_SEARCH_PATHS[sdk=macosx*]" = "@executable_path/../Frameworks";
				MACOSX_DEPLOYMENT_TARGET = 14.2;
				MARKETING_VERSION = 1.0;
				PRODUCT_BUNDLE_IDENTIFIER = com.PokeList;
				PRODUCT_NAME = "$(TARGET_NAME)";
				SDKROOT = auto;
				SUPPORTED_PLATFORMS = "iphoneos iphonesimulator";
				SUPPORTS_MACCATALYST = NO;
				SWIFT_EMIT_LOC_STRINGS = YES;
				SWIFT_VERSION = 5.0;
				TARGETED_DEVICE_FAMILY = 1;
			};
			name = Debug;
		};
		399A39182B722FC400D93684 /* Release */ = {
			isa = XCBuildConfiguration;
			buildSettings = {
				ASSETCATALOG_COMPILER_APPICON_NAME = AppIcon;
				ASSETCATALOG_COMPILER_GLOBAL_ACCENT_COLOR_NAME = AccentColor;
				CODE_SIGN_ENTITLEMENTS = PokeList/PokeList.entitlements;
				CODE_SIGN_STYLE = Automatic;
				CURRENT_PROJECT_VERSION = 1;
				DEVELOPMENT_ASSET_PATHS = "\"PokeList/Preview Content\"";
				DEVELOPMENT_TEAM = AZRCQMBTMA;
				ENABLE_HARDENED_RUNTIME = YES;
				ENABLE_PREVIEWS = YES;
				GENERATE_INFOPLIST_FILE = YES;
				"INFOPLIST_KEY_UIApplicationSceneManifest_Generation[sdk=iphoneos*]" = YES;
				"INFOPLIST_KEY_UIApplicationSceneManifest_Generation[sdk=iphonesimulator*]" = YES;
				"INFOPLIST_KEY_UIApplicationSupportsIndirectInputEvents[sdk=iphoneos*]" = YES;
				"INFOPLIST_KEY_UIApplicationSupportsIndirectInputEvents[sdk=iphonesimulator*]" = YES;
				"INFOPLIST_KEY_UILaunchScreen_Generation[sdk=iphoneos*]" = YES;
				"INFOPLIST_KEY_UILaunchScreen_Generation[sdk=iphonesimulator*]" = YES;
				"INFOPLIST_KEY_UIStatusBarStyle[sdk=iphoneos*]" = UIStatusBarStyleDefault;
				"INFOPLIST_KEY_UIStatusBarStyle[sdk=iphonesimulator*]" = UIStatusBarStyleDefault;
				INFOPLIST_KEY_UISupportedInterfaceOrientations = UIInterfaceOrientationPortrait;
				IPHONEOS_DEPLOYMENT_TARGET = 17.2;
				LD_RUNPATH_SEARCH_PATHS = "@executable_path/Frameworks";
				"LD_RUNPATH_SEARCH_PATHS[sdk=macosx*]" = "@executable_path/../Frameworks";
				MACOSX_DEPLOYMENT_TARGET = 14.2;
				MARKETING_VERSION = 1.0;
				PRODUCT_BUNDLE_IDENTIFIER = com.PokeList;
				PRODUCT_NAME = "$(TARGET_NAME)";
				SDKROOT = auto;
				SUPPORTED_PLATFORMS = "iphoneos iphonesimulator";
				SUPPORTS_MACCATALYST = NO;
				SWIFT_EMIT_LOC_STRINGS = YES;
				SWIFT_VERSION = 5.0;
				TARGETED_DEVICE_FAMILY = 1;
			};
			name = Release;
		};
		399A391A2B722FC400D93684 /* Debug */ = {
			isa = XCBuildConfiguration;
			buildSettings = {
				ALWAYS_EMBED_SWIFT_STANDARD_LIBRARIES = YES;
				BUNDLE_LOADER = "$(TEST_HOST)";
				CODE_SIGN_STYLE = Automatic;
				CURRENT_PROJECT_VERSION = 1;
				DEVELOPMENT_TEAM = AZRCQMBTMA;
				GENERATE_INFOPLIST_FILE = YES;
				IPHONEOS_DEPLOYMENT_TARGET = 17.2;
				MACOSX_DEPLOYMENT_TARGET = 14.2;
				MARKETING_VERSION = 1.0;
				PRODUCT_BUNDLE_IDENTIFIER = com.PokeListTests;
				PRODUCT_NAME = "$(TARGET_NAME)";
				SDKROOT = auto;
				SUPPORTED_PLATFORMS = "iphoneos iphonesimulator";
				SUPPORTS_MACCATALYST = NO;
				SWIFT_EMIT_LOC_STRINGS = NO;
				SWIFT_VERSION = 5.0;
				TARGETED_DEVICE_FAMILY = 1;
				TEST_HOST = "$(BUILT_PRODUCTS_DIR)/PokeList.app/$(BUNDLE_EXECUTABLE_FOLDER_PATH)/PokeList";
			};
			name = Debug;
		};
		399A391B2B722FC400D93684 /* Release */ = {
			isa = XCBuildConfiguration;
			buildSettings = {
				ALWAYS_EMBED_SWIFT_STANDARD_LIBRARIES = YES;
				BUNDLE_LOADER = "$(TEST_HOST)";
				CODE_SIGN_STYLE = Automatic;
				CURRENT_PROJECT_VERSION = 1;
				DEVELOPMENT_TEAM = AZRCQMBTMA;
				GENERATE_INFOPLIST_FILE = YES;
				IPHONEOS_DEPLOYMENT_TARGET = 17.2;
				MACOSX_DEPLOYMENT_TARGET = 14.2;
				MARKETING_VERSION = 1.0;
				PRODUCT_BUNDLE_IDENTIFIER = com.PokeListTests;
				PRODUCT_NAME = "$(TARGET_NAME)";
				SDKROOT = auto;
				SUPPORTED_PLATFORMS = "iphoneos iphonesimulator";
				SUPPORTS_MACCATALYST = NO;
				SWIFT_EMIT_LOC_STRINGS = NO;
				SWIFT_VERSION = 5.0;
				TARGETED_DEVICE_FAMILY = 1;
				TEST_HOST = "$(BUILT_PRODUCTS_DIR)/PokeList.app/$(BUNDLE_EXECUTABLE_FOLDER_PATH)/PokeList";
			};
			name = Release;
		};
		399A391D2B722FC400D93684 /* Debug */ = {
			isa = XCBuildConfiguration;
			buildSettings = {
				ALWAYS_EMBED_SWIFT_STANDARD_LIBRARIES = YES;
				CODE_SIGN_STYLE = Automatic;
				CURRENT_PROJECT_VERSION = 1;
				DEVELOPMENT_TEAM = AZRCQMBTMA;
				GENERATE_INFOPLIST_FILE = YES;
				IPHONEOS_DEPLOYMENT_TARGET = 17.2;
				MACOSX_DEPLOYMENT_TARGET = 14.2;
				MARKETING_VERSION = 1.0;
				PRODUCT_BUNDLE_IDENTIFIER = com.PokeListUITests;
				PRODUCT_NAME = "$(TARGET_NAME)";
				SDKROOT = auto;
				SUPPORTED_PLATFORMS = "iphoneos iphonesimulator macosx";
				SWIFT_EMIT_LOC_STRINGS = NO;
				SWIFT_VERSION = 5.0;
				TARGETED_DEVICE_FAMILY = "1,2";
				TEST_TARGET_NAME = PokeList;
			};
			name = Debug;
		};
		399A391E2B722FC400D93684 /* Release */ = {
			isa = XCBuildConfiguration;
			buildSettings = {
				ALWAYS_EMBED_SWIFT_STANDARD_LIBRARIES = YES;
				CODE_SIGN_STYLE = Automatic;
				CURRENT_PROJECT_VERSION = 1;
				DEVELOPMENT_TEAM = AZRCQMBTMA;
				GENERATE_INFOPLIST_FILE = YES;
				IPHONEOS_DEPLOYMENT_TARGET = 17.2;
				MACOSX_DEPLOYMENT_TARGET = 14.2;
				MARKETING_VERSION = 1.0;
				PRODUCT_BUNDLE_IDENTIFIER = com.PokeListUITests;
				PRODUCT_NAME = "$(TARGET_NAME)";
				SDKROOT = auto;
				SUPPORTED_PLATFORMS = "iphoneos iphonesimulator macosx";
				SWIFT_EMIT_LOC_STRINGS = NO;
				SWIFT_VERSION = 5.0;
				TARGETED_DEVICE_FAMILY = "1,2";
				TEST_TARGET_NAME = PokeList;
			};
			name = Release;
		};
/* End XCBuildConfiguration section */

/* Begin XCConfigurationList section */
		399A38EC2B722FC300D93684 /* Build configuration list for PBXProject "PokeList" */ = {
			isa = XCConfigurationList;
			buildConfigurations = (
				399A39142B722FC400D93684 /* Debug */,
				399A39152B722FC400D93684 /* Release */,
			);
			defaultConfigurationIsVisible = 0;
			defaultConfigurationName = Release;
		};
		399A39162B722FC400D93684 /* Build configuration list for PBXNativeTarget "PokeList" */ = {
			isa = XCConfigurationList;
			buildConfigurations = (
				399A39172B722FC400D93684 /* Debug */,
				399A39182B722FC400D93684 /* Release */,
			);
			defaultConfigurationIsVisible = 0;
			defaultConfigurationName = Release;
		};
		399A39192B722FC400D93684 /* Build configuration list for PBXNativeTarget "PokeListTests" */ = {
			isa = XCConfigurationList;
			buildConfigurations = (
				399A391A2B722FC400D93684 /* Debug */,
				399A391B2B722FC400D93684 /* Release */,
			);
			defaultConfigurationIsVisible = 0;
			defaultConfigurationName = Release;
		};
		399A391C2B722FC400D93684 /* Build configuration list for PBXNativeTarget "PokeListUITests" */ = {
			isa = XCConfigurationList;
			buildConfigurations = (
				399A391D2B722FC400D93684 /* Debug */,
				399A391E2B722FC400D93684 /* Release */,
			);
			defaultConfigurationIsVisible = 0;
			defaultConfigurationName = Release;
		};
/* End XCConfigurationList section */
	};
	rootObject = 399A38E92B722FC300D93684 /* Project object */;
}
